// !$*UTF8*$!
{
	archiveVersion = 1;
	classes = {
	};
	objectVersion = 56;
	objects = {

/* Begin PBXBuildFile section */
		A93CFAA22A83905800A50028 /* SwiftUICryptoApp.swift in Sources */ = {isa = PBXBuildFile; fileRef = A93CFAA12A83905800A50028 /* SwiftUICryptoApp.swift */; };
		A93CFAA42A83905800A50028 /* ContentView.swift in Sources */ = {isa = PBXBuildFile; fileRef = A93CFAA32A83905800A50028 /* ContentView.swift */; };
		A93CFAA62A83905900A50028 /* Assets.xcassets in Resources */ = {isa = PBXBuildFile; fileRef = A93CFAA52A83905900A50028 /* Assets.xcassets */; };
		A93CFAA92A83905900A50028 /* Preview Assets.xcassets in Resources */ = {isa = PBXBuildFile; fileRef = A93CFAA82A83905900A50028 /* Preview Assets.xcassets */; };
		A93CFAB32A83905900A50028 /* SwiftUICryptoTests.swift in Sources */ = {isa = PBXBuildFile; fileRef = A93CFAB22A83905900A50028 /* SwiftUICryptoTests.swift */; };
		A93CFABD2A83905900A50028 /* SwiftUICryptoUITests.swift in Sources */ = {isa = PBXBuildFile; fileRef = A93CFABC2A83905900A50028 /* SwiftUICryptoUITests.swift */; };
		A93CFABF2A83905900A50028 /* SwiftUICryptoUITestsLaunchTests.swift in Sources */ = {isa = PBXBuildFile; fileRef = A93CFABE2A83905900A50028 /* SwiftUICryptoUITestsLaunchTests.swift */; };
		A93CFACF2A8396EB00A50028 /* Color.swift in Sources */ = {isa = PBXBuildFile; fileRef = A93CFACE2A8396EB00A50028 /* Color.swift */; };
		A93CFAD62A8399A400A50028 /* HomeView.swift in Sources */ = {isa = PBXBuildFile; fileRef = A93CFAD52A8399A400A50028 /* HomeView.swift */; };
		A93CFADA2A839BC500A50028 /* CircleButtonView.swift in Sources */ = {isa = PBXBuildFile; fileRef = A93CFAD92A839BC500A50028 /* CircleButtonView.swift */; };
		A93CFADC2A8CDEFE00A50028 /* CircleButtonAnimationView.swift in Sources */ = {isa = PBXBuildFile; fileRef = A93CFADB2A8CDEFE00A50028 /* CircleButtonAnimationView.swift */; };
		A93CFADF2A8DD1A400A50028 /* CoinModel.swift in Sources */ = {isa = PBXBuildFile; fileRef = A93CFADE2A8DD1A400A50028 /* CoinModel.swift */; };
		A93CFAE12A8DF8E700A50028 /* PreviewProvider.swift in Sources */ = {isa = PBXBuildFile; fileRef = A93CFAE02A8DF8E700A50028 /* PreviewProvider.swift */; };
		A93CFAE32A8DFA9000A50028 /* CoinRowView.swift in Sources */ = {isa = PBXBuildFile; fileRef = A93CFAE22A8DFA9000A50028 /* CoinRowView.swift */; };
		A93CFAE52A8E2DFB00A50028 /* Double.swift in Sources */ = {isa = PBXBuildFile; fileRef = A93CFAE42A8E2DFB00A50028 /* Double.swift */; };
		A93CFAE72A8F16E600A50028 /* HomeViewModel.swift in Sources */ = {isa = PBXBuildFile; fileRef = A93CFAE62A8F16E600A50028 /* HomeViewModel.swift */; };
		A93CFAEA2A8F220B00A50028 /* CoinDataService.swift in Sources */ = {isa = PBXBuildFile; fileRef = A93CFAE92A8F220B00A50028 /* CoinDataService.swift */; };
		A93CFAED2A8F29DF00A50028 /* NetworkingManager.swift in Sources */ = {isa = PBXBuildFile; fileRef = A93CFAEC2A8F29DF00A50028 /* NetworkingManager.swift */; };
		A93CFAF12A8F65F400A50028 /* CoinImageView.swift in Sources */ = {isa = PBXBuildFile; fileRef = A93CFAF02A8F65F400A50028 /* CoinImageView.swift */; };
		A93CFAF32A8F692100A50028 /* CoinImageService.swift in Sources */ = {isa = PBXBuildFile; fileRef = A93CFAF22A8F692100A50028 /* CoinImageService.swift */; };
		A93CFAF52A8F6BA800A50028 /* CoinImageViewModel.swift in Sources */ = {isa = PBXBuildFile; fileRef = A93CFAF42A8F6BA800A50028 /* CoinImageViewModel.swift */; };
		A93CFAF72A8F770200A50028 /* LocalFileManager.swift in Sources */ = {isa = PBXBuildFile; fileRef = A93CFAF62A8F770200A50028 /* LocalFileManager.swift */; };
		A9CE39642A95F4AB00EF5F45 /* SearchBarView.swift in Sources */ = {isa = PBXBuildFile; fileRef = A9CE39632A95F4AB00EF5F45 /* SearchBarView.swift */; };
		A9CE39662A95F8F700EF5F45 /* UIApplication.swift in Sources */ = {isa = PBXBuildFile; fileRef = A9CE39652A95F8F700EF5F45 /* UIApplication.swift */; };
		A9CE39682A9606F400EF5F45 /* StatisticModel.swift in Sources */ = {isa = PBXBuildFile; fileRef = A9CE39672A9606F400EF5F45 /* StatisticModel.swift */; };
		A9CE396A2A9608EC00EF5F45 /* StatisticView.swift in Sources */ = {isa = PBXBuildFile; fileRef = A9CE39692A9608EC00EF5F45 /* StatisticView.swift */; };
		A9CE396C2A960CEC00EF5F45 /* HomeStatsView.swift in Sources */ = {isa = PBXBuildFile; fileRef = A9CE396B2A960CEC00EF5F45 /* HomeStatsView.swift */; };
		A9CE396E2A960FB500EF5F45 /* MarketDataModel.swift in Sources */ = {isa = PBXBuildFile; fileRef = A9CE396D2A960FB500EF5F45 /* MarketDataModel.swift */; };
		A9CE39702A9611CA00EF5F45 /* MarketDataService.swift in Sources */ = {isa = PBXBuildFile; fileRef = A9CE396F2A9611CA00EF5F45 /* MarketDataService.swift */; };
		A9CE39722A970E4800EF5F45 /* PortfolioView.swift in Sources */ = {isa = PBXBuildFile; fileRef = A9CE39712A970E4800EF5F45 /* PortfolioView.swift */; };
		A9CE39742A9710B700EF5F45 /* XMarkButton.swift in Sources */ = {isa = PBXBuildFile; fileRef = A9CE39732A9710B700EF5F45 /* XMarkButton.swift */; };
		A9CE39762A9712D400EF5F45 /* CoinLogoView.swift in Sources */ = {isa = PBXBuildFile; fileRef = A9CE39752A9712D400EF5F45 /* CoinLogoView.swift */; };
		A9CE39792A9741B100EF5F45 /* PortfolioContainer.xcdatamodeld in Sources */ = {isa = PBXBuildFile; fileRef = A9CE39772A9741B100EF5F45 /* PortfolioContainer.xcdatamodeld */; };
		A9CE397B2A97426800EF5F45 /* PortfolioDataService.swift in Sources */ = {isa = PBXBuildFile; fileRef = A9CE397A2A97426800EF5F45 /* PortfolioDataService.swift */; };
		A9CE397D2A975EDA00EF5F45 /* HapticManager.swift in Sources */ = {isa = PBXBuildFile; fileRef = A9CE397C2A975EDA00EF5F45 /* HapticManager.swift */; };
		A9CE39822A984E3600EF5F45 /* DetailView.swift in Sources */ = {isa = PBXBuildFile; fileRef = A9CE39812A984E3600EF5F45 /* DetailView.swift */; };
		A9CE39842A98540200EF5F45 /* CoinDetailModel.swift in Sources */ = {isa = PBXBuildFile; fileRef = A9CE39832A98540200EF5F45 /* CoinDetailModel.swift */; };
		A9CE39862A985A3100EF5F45 /* DetailViewModel.swift in Sources */ = {isa = PBXBuildFile; fileRef = A9CE39852A985A3100EF5F45 /* DetailViewModel.swift */; };
		A9CE39882A985A5200EF5F45 /* CoinDetailDataService.swift in Sources */ = {isa = PBXBuildFile; fileRef = A9CE39872A985A5200EF5F45 /* CoinDetailDataService.swift */; };
		A9CE398A2A9898E300EF5F45 /* ChartView.swift in Sources */ = {isa = PBXBuildFile; fileRef = A9CE39892A9898E300EF5F45 /* ChartView.swift */; };
		A9CE398C2A989E2400EF5F45 /* Date.swift in Sources */ = {isa = PBXBuildFile; fileRef = A9CE398B2A989E2400EF5F45 /* Date.swift */; };
		A9CE398E2A98AC3D00EF5F45 /* String.swift in Sources */ = {isa = PBXBuildFile; fileRef = A9CE398D2A98AC3D00EF5F45 /* String.swift */; };
		A9CE39932A98B23A00EF5F45 /* SettingViews.swift in Sources */ = {isa = PBXBuildFile; fileRef = A9CE39922A98B23A00EF5F45 /* SettingViews.swift */; };
/* End PBXBuildFile section */

/* Begin PBXContainerItemProxy section */
		A93CFAAF2A83905900A50028 /* PBXContainerItemProxy */ = {
			isa = PBXContainerItemProxy;
			containerPortal = A93CFA962A83905800A50028 /* Project object */;
			proxyType = 1;
			remoteGlobalIDString = A93CFA9D2A83905800A50028;
			remoteInfo = SwiftUICrypto;
		};
		A93CFAB92A83905900A50028 /* PBXContainerItemProxy */ = {
			isa = PBXContainerItemProxy;
			containerPortal = A93CFA962A83905800A50028 /* Project object */;
			proxyType = 1;
			remoteGlobalIDString = A93CFA9D2A83905800A50028;
			remoteInfo = SwiftUICrypto;
		};
/* End PBXContainerItemProxy section */

/* Begin PBXFileReference section */
		A93CFA9E2A83905800A50028 /* SwiftUICrypto.app */ = {isa = PBXFileReference; explicitFileType = wrapper.application; includeInIndex = 0; path = SwiftUICrypto.app; sourceTree = BUILT_PRODUCTS_DIR; };
		A93CFAA12A83905800A50028 /* SwiftUICryptoApp.swift */ = {isa = PBXFileReference; lastKnownFileType = sourcecode.swift; path = SwiftUICryptoApp.swift; sourceTree = "<group>"; };
		A93CFAA32A83905800A50028 /* ContentView.swift */ = {isa = PBXFileReference; lastKnownFileType = sourcecode.swift; path = ContentView.swift; sourceTree = "<group>"; };
		A93CFAA52A83905900A50028 /* Assets.xcassets */ = {isa = PBXFileReference; lastKnownFileType = folder.assetcatalog; path = Assets.xcassets; sourceTree = "<group>"; };
		A93CFAA82A83905900A50028 /* Preview Assets.xcassets */ = {isa = PBXFileReference; lastKnownFileType = folder.assetcatalog; path = "Preview Assets.xcassets"; sourceTree = "<group>"; };
		A93CFAAE2A83905900A50028 /* SwiftUICryptoTests.xctest */ = {isa = PBXFileReference; explicitFileType = wrapper.cfbundle; includeInIndex = 0; path = SwiftUICryptoTests.xctest; sourceTree = BUILT_PRODUCTS_DIR; };
		A93CFAB22A83905900A50028 /* SwiftUICryptoTests.swift */ = {isa = PBXFileReference; lastKnownFileType = sourcecode.swift; path = SwiftUICryptoTests.swift; sourceTree = "<group>"; };
		A93CFAB82A83905900A50028 /* SwiftUICryptoUITests.xctest */ = {isa = PBXFileReference; explicitFileType = wrapper.cfbundle; includeInIndex = 0; path = SwiftUICryptoUITests.xctest; sourceTree = BUILT_PRODUCTS_DIR; };
		A93CFABC2A83905900A50028 /* SwiftUICryptoUITests.swift */ = {isa = PBXFileReference; lastKnownFileType = sourcecode.swift; path = SwiftUICryptoUITests.swift; sourceTree = "<group>"; };
		A93CFABE2A83905900A50028 /* SwiftUICryptoUITestsLaunchTests.swift */ = {isa = PBXFileReference; lastKnownFileType = sourcecode.swift; path = SwiftUICryptoUITestsLaunchTests.swift; sourceTree = "<group>"; };
		A93CFACE2A8396EB00A50028 /* Color.swift */ = {isa = PBXFileReference; lastKnownFileType = sourcecode.swift; path = Color.swift; sourceTree = "<group>"; };
		A93CFAD52A8399A400A50028 /* HomeView.swift */ = {isa = PBXFileReference; lastKnownFileType = sourcecode.swift; path = HomeView.swift; sourceTree = "<group>"; };
		A93CFAD92A839BC500A50028 /* CircleButtonView.swift */ = {isa = PBXFileReference; lastKnownFileType = sourcecode.swift; path = CircleButtonView.swift; sourceTree = "<group>"; };
		A93CFADB2A8CDEFE00A50028 /* CircleButtonAnimationView.swift */ = {isa = PBXFileReference; lastKnownFileType = sourcecode.swift; path = CircleButtonAnimationView.swift; sourceTree = "<group>"; };
		A93CFADE2A8DD1A400A50028 /* CoinModel.swift */ = {isa = PBXFileReference; lastKnownFileType = sourcecode.swift; path = CoinModel.swift; sourceTree = "<group>"; };
		A93CFAE02A8DF8E700A50028 /* PreviewProvider.swift */ = {isa = PBXFileReference; lastKnownFileType = sourcecode.swift; path = PreviewProvider.swift; sourceTree = "<group>"; };
		A93CFAE22A8DFA9000A50028 /* CoinRowView.swift */ = {isa = PBXFileReference; lastKnownFileType = sourcecode.swift; path = CoinRowView.swift; sourceTree = "<group>"; };
		A93CFAE42A8E2DFB00A50028 /* Double.swift */ = {isa = PBXFileReference; lastKnownFileType = sourcecode.swift; path = Double.swift; sourceTree = "<group>"; };
		A93CFAE62A8F16E600A50028 /* HomeViewModel.swift */ = {isa = PBXFileReference; lastKnownFileType = sourcecode.swift; path = HomeViewModel.swift; sourceTree = "<group>"; };
		A93CFAE92A8F220B00A50028 /* CoinDataService.swift */ = {isa = PBXFileReference; lastKnownFileType = sourcecode.swift; path = CoinDataService.swift; sourceTree = "<group>"; };
		A93CFAEC2A8F29DF00A50028 /* NetworkingManager.swift */ = {isa = PBXFileReference; lastKnownFileType = sourcecode.swift; path = NetworkingManager.swift; sourceTree = "<group>"; };
		A93CFAF02A8F65F400A50028 /* CoinImageView.swift */ = {isa = PBXFileReference; lastKnownFileType = sourcecode.swift; path = CoinImageView.swift; sourceTree = "<group>"; };
		A93CFAF22A8F692100A50028 /* CoinImageService.swift */ = {isa = PBXFileReference; lastKnownFileType = sourcecode.swift; path = CoinImageService.swift; sourceTree = "<group>"; };
		A93CFAF42A8F6BA800A50028 /* CoinImageViewModel.swift */ = {isa = PBXFileReference; lastKnownFileType = sourcecode.swift; path = CoinImageViewModel.swift; sourceTree = "<group>"; };
		A93CFAF62A8F770200A50028 /* LocalFileManager.swift */ = {isa = PBXFileReference; lastKnownFileType = sourcecode.swift; path = LocalFileManager.swift; sourceTree = "<group>"; };
		A9CE39632A95F4AB00EF5F45 /* SearchBarView.swift */ = {isa = PBXFileReference; lastKnownFileType = sourcecode.swift; path = SearchBarView.swift; sourceTree = "<group>"; };
		A9CE39652A95F8F700EF5F45 /* UIApplication.swift */ = {isa = PBXFileReference; lastKnownFileType = sourcecode.swift; path = UIApplication.swift; sourceTree = "<group>"; };
		A9CE39672A9606F400EF5F45 /* StatisticModel.swift */ = {isa = PBXFileReference; lastKnownFileType = sourcecode.swift; path = StatisticModel.swift; sourceTree = "<group>"; };
		A9CE39692A9608EC00EF5F45 /* StatisticView.swift */ = {isa = PBXFileReference; lastKnownFileType = sourcecode.swift; path = StatisticView.swift; sourceTree = "<group>"; };
		A9CE396B2A960CEC00EF5F45 /* HomeStatsView.swift */ = {isa = PBXFileReference; lastKnownFileType = sourcecode.swift; path = HomeStatsView.swift; sourceTree = "<group>"; };
		A9CE396D2A960FB500EF5F45 /* MarketDataModel.swift */ = {isa = PBXFileReference; lastKnownFileType = sourcecode.swift; path = MarketDataModel.swift; sourceTree = "<group>"; };
		A9CE396F2A9611CA00EF5F45 /* MarketDataService.swift */ = {isa = PBXFileReference; lastKnownFileType = sourcecode.swift; path = MarketDataService.swift; sourceTree = "<group>"; };
		A9CE39712A970E4800EF5F45 /* PortfolioView.swift */ = {isa = PBXFileReference; lastKnownFileType = sourcecode.swift; path = PortfolioView.swift; sourceTree = "<group>"; };
		A9CE39732A9710B700EF5F45 /* XMarkButton.swift */ = {isa = PBXFileReference; lastKnownFileType = sourcecode.swift; path = XMarkButton.swift; sourceTree = "<group>"; };
		A9CE39752A9712D400EF5F45 /* CoinLogoView.swift */ = {isa = PBXFileReference; lastKnownFileType = sourcecode.swift; path = CoinLogoView.swift; sourceTree = "<group>"; };
		A9CE39782A9741B100EF5F45 /* PortfolioContainer.xcdatamodel */ = {isa = PBXFileReference; lastKnownFileType = wrapper.xcdatamodel; path = PortfolioContainer.xcdatamodel; sourceTree = "<group>"; };
		A9CE397A2A97426800EF5F45 /* PortfolioDataService.swift */ = {isa = PBXFileReference; lastKnownFileType = sourcecode.swift; path = PortfolioDataService.swift; sourceTree = "<group>"; };
		A9CE397C2A975EDA00EF5F45 /* HapticManager.swift */ = {isa = PBXFileReference; lastKnownFileType = sourcecode.swift; path = HapticManager.swift; sourceTree = "<group>"; };
		A9CE39812A984E3600EF5F45 /* DetailView.swift */ = {isa = PBXFileReference; lastKnownFileType = sourcecode.swift; path = DetailView.swift; sourceTree = "<group>"; };
		A9CE39832A98540200EF5F45 /* CoinDetailModel.swift */ = {isa = PBXFileReference; lastKnownFileType = sourcecode.swift; path = CoinDetailModel.swift; sourceTree = "<group>"; };
		A9CE39852A985A3100EF5F45 /* DetailViewModel.swift */ = {isa = PBXFileReference; lastKnownFileType = sourcecode.swift; path = DetailViewModel.swift; sourceTree = "<group>"; };
		A9CE39872A985A5200EF5F45 /* CoinDetailDataService.swift */ = {isa = PBXFileReference; lastKnownFileType = sourcecode.swift; path = CoinDetailDataService.swift; sourceTree = "<group>"; };
		A9CE39892A9898E300EF5F45 /* ChartView.swift */ = {isa = PBXFileReference; lastKnownFileType = sourcecode.swift; path = ChartView.swift; sourceTree = "<group>"; };
		A9CE398B2A989E2400EF5F45 /* Date.swift */ = {isa = PBXFileReference; lastKnownFileType = sourcecode.swift; path = Date.swift; sourceTree = "<group>"; };
		A9CE398D2A98AC3D00EF5F45 /* String.swift */ = {isa = PBXFileReference; lastKnownFileType = sourcecode.swift; path = String.swift; sourceTree = "<group>"; };
		A9CE39922A98B23A00EF5F45 /* SettingViews.swift */ = {isa = PBXFileReference; lastKnownFileType = sourcecode.swift; path = SettingViews.swift; sourceTree = "<group>"; };
/* End PBXFileReference section */

/* Begin PBXFrameworksBuildPhase section */
		A93CFA9B2A83905800A50028 /* Frameworks */ = {
			isa = PBXFrameworksBuildPhase;
			buildActionMask = 2147483647;
			files = (
			);
			runOnlyForDeploymentPostprocessing = 0;
		};
		A93CFAAB2A83905900A50028 /* Frameworks */ = {
			isa = PBXFrameworksBuildPhase;
			buildActionMask = 2147483647;
			files = (
			);
			runOnlyForDeploymentPostprocessing = 0;
		};
		A93CFAB52A83905900A50028 /* Frameworks */ = {
			isa = PBXFrameworksBuildPhase;
			buildActionMask = 2147483647;
			files = (
			);
			runOnlyForDeploymentPostprocessing = 0;
		};
/* End PBXFrameworksBuildPhase section */

/* Begin PBXGroup section */
		A93CFA952A83905800A50028 = {
			isa = PBXGroup;
			children = (
				A93CFAA02A83905800A50028 /* SwiftUICrypto */,
				A93CFAB12A83905900A50028 /* SwiftUICryptoTests */,
				A93CFABB2A83905900A50028 /* SwiftUICryptoUITests */,
				A93CFA9F2A83905800A50028 /* Products */,
			);
			sourceTree = "<group>";
		};
		A93CFA9F2A83905800A50028 /* Products */ = {
			isa = PBXGroup;
			children = (
				A93CFA9E2A83905800A50028 /* SwiftUICrypto.app */,
				A93CFAAE2A83905900A50028 /* SwiftUICryptoTests.xctest */,
				A93CFAB82A83905900A50028 /* SwiftUICryptoUITests.xctest */,
			);
			name = Products;
			sourceTree = "<group>";
		};
		A93CFAA02A83905800A50028 /* SwiftUICrypto */ = {
			isa = PBXGroup;
			children = (
				A93CFAEB2A8F29BF00A50028 /* Utils */,
				A93CFAE82A8F21E600A50028 /* Services */,
				A93CFADD2A8DD17D00A50028 /* Models */,
				A93CFAD02A83995F00A50028 /* Core */,
				A93CFACD2A8396C600A50028 /* Extensions */,
				A93CFAA12A83905800A50028 /* SwiftUICryptoApp.swift */,
				A93CFAA32A83905800A50028 /* ContentView.swift */,
				A93CFAA52A83905900A50028 /* Assets.xcassets */,
				A93CFAA72A83905900A50028 /* Preview Content */,
			);
			path = SwiftUICrypto;
			sourceTree = "<group>";
		};
		A93CFAA72A83905900A50028 /* Preview Content */ = {
			isa = PBXGroup;
			children = (
				A93CFAA82A83905900A50028 /* Preview Assets.xcassets */,
			);
			path = "Preview Content";
			sourceTree = "<group>";
		};
		A93CFAB12A83905900A50028 /* SwiftUICryptoTests */ = {
			isa = PBXGroup;
			children = (
				A93CFAB22A83905900A50028 /* SwiftUICryptoTests.swift */,
			);
			path = SwiftUICryptoTests;
			sourceTree = "<group>";
		};
		A93CFABB2A83905900A50028 /* SwiftUICryptoUITests */ = {
			isa = PBXGroup;
			children = (
				A93CFABC2A83905900A50028 /* SwiftUICryptoUITests.swift */,
				A93CFABE2A83905900A50028 /* SwiftUICryptoUITestsLaunchTests.swift */,
			);
			path = SwiftUICryptoUITests;
			sourceTree = "<group>";
		};
		A93CFACD2A8396C600A50028 /* Extensions */ = {
			isa = PBXGroup;
			children = (
				A93CFACE2A8396EB00A50028 /* Color.swift */,
				A93CFAE02A8DF8E700A50028 /* PreviewProvider.swift */,
				A93CFAE42A8E2DFB00A50028 /* Double.swift */,
				A9CE39652A95F8F700EF5F45 /* UIApplication.swift */,
				A9CE398B2A989E2400EF5F45 /* Date.swift */,
				A9CE398D2A98AC3D00EF5F45 /* String.swift */,
			);
			path = Extensions;
			sourceTree = "<group>";
		};
		A93CFAD02A83995F00A50028 /* Core */ = {
			isa = PBXGroup;
			children = (
				A9CE398F2A98B20700EF5F45 /* Settings */,
				A9CE397E2A984DC500EF5F45 /* Detail */,
				A93CFAD72A839B8000A50028 /* Components */,
				A93CFAD12A83996D00A50028 /* Home */,
			);
			path = Core;
			sourceTree = "<group>";
		};
		A93CFAD12A83996D00A50028 /* Home */ = {
			isa = PBXGroup;
			children = (
				A93CFAD32A83997A00A50028 /* ViewModels */,
				A93CFAD22A83997500A50028 /* Views */,
			);
			path = Home;
			sourceTree = "<group>";
		};
		A93CFAD22A83997500A50028 /* Views */ = {
			isa = PBXGroup;
			children = (
				A93CFAD52A8399A400A50028 /* HomeView.swift */,
				A93CFAE22A8DFA9000A50028 /* CoinRowView.swift */,
				A9CE396B2A960CEC00EF5F45 /* HomeStatsView.swift */,
				A9CE39712A970E4800EF5F45 /* PortfolioView.swift */,
			);
			path = Views;
			sourceTree = "<group>";
		};
		A93CFAD32A83997A00A50028 /* ViewModels */ = {
			isa = PBXGroup;
			children = (
				A93CFAE62A8F16E600A50028 /* HomeViewModel.swift */,
			);
			path = ViewModels;
			sourceTree = "<group>";
		};
		A93CFAD72A839B8000A50028 /* Components */ = {
			isa = PBXGroup;
			children = (
				A93CFAEE2A8F653B00A50028 /* CoinImage */,
				A93CFAD82A839BAE00A50028 /* CircleButton */,
				A9CE39632A95F4AB00EF5F45 /* SearchBarView.swift */,
				A9CE39692A9608EC00EF5F45 /* StatisticView.swift */,
				A9CE39732A9710B700EF5F45 /* XMarkButton.swift */,
			);
			path = Components;
			sourceTree = "<group>";
		};
		A93CFAD82A839BAE00A50028 /* CircleButton */ = {
			isa = PBXGroup;
			children = (
				A93CFAD92A839BC500A50028 /* CircleButtonView.swift */,
				A93CFADB2A8CDEFE00A50028 /* CircleButtonAnimationView.swift */,
			);
			path = CircleButton;
			sourceTree = "<group>";
		};
		A93CFADD2A8DD17D00A50028 /* Models */ = {
			isa = PBXGroup;
			children = (
				A93CFADE2A8DD1A400A50028 /* CoinModel.swift */,
				A9CE39672A9606F400EF5F45 /* StatisticModel.swift */,
				A9CE396D2A960FB500EF5F45 /* MarketDataModel.swift */,
				A9CE39772A9741B100EF5F45 /* PortfolioContainer.xcdatamodeld */,
				A9CE39832A98540200EF5F45 /* CoinDetailModel.swift */,
			);
			path = Models;
			sourceTree = "<group>";
		};
		A93CFAE82A8F21E600A50028 /* Services */ = {
			isa = PBXGroup;
			children = (
				A93CFAE92A8F220B00A50028 /* CoinDataService.swift */,
				A9CE39872A985A5200EF5F45 /* CoinDetailDataService.swift */,
				A93CFAF22A8F692100A50028 /* CoinImageService.swift */,
				A9CE396F2A9611CA00EF5F45 /* MarketDataService.swift */,
				A9CE397A2A97426800EF5F45 /* PortfolioDataService.swift */,
			);
			path = Services;
			sourceTree = "<group>";
		};
		A93CFAEB2A8F29BF00A50028 /* Utils */ = {
			isa = PBXGroup;
			children = (
				A93CFAEC2A8F29DF00A50028 /* NetworkingManager.swift */,
				A93CFAF62A8F770200A50028 /* LocalFileManager.swift */,
				A9CE397C2A975EDA00EF5F45 /* HapticManager.swift */,
			);
			path = Utils;
			sourceTree = "<group>";
		};
		A93CFAEE2A8F653B00A50028 /* CoinImage */ = {
			isa = PBXGroup;
			children = (
				A93CFAF02A8F65F400A50028 /* CoinImageView.swift */,
				A93CFAF42A8F6BA800A50028 /* CoinImageViewModel.swift */,
				A9CE39752A9712D400EF5F45 /* CoinLogoView.swift */,
			);
			path = CoinImage;
			sourceTree = "<group>";
		};
		A9CE397E2A984DC500EF5F45 /* Detail */ = {
			isa = PBXGroup;
			children = (
				A9CE39802A984DF900EF5F45 /* ViewModels */,
				A9CE397F2A984DE200EF5F45 /* Views */,
			);
			path = Detail;
			sourceTree = "<group>";
		};
		A9CE397F2A984DE200EF5F45 /* Views */ = {
			isa = PBXGroup;
			children = (
				A9CE39812A984E3600EF5F45 /* DetailView.swift */,
				A9CE39892A9898E300EF5F45 /* ChartView.swift */,
			);
			path = Views;
			sourceTree = "<group>";
		};
		A9CE39802A984DF900EF5F45 /* ViewModels */ = {
			isa = PBXGroup;
			children = (
				A9CE39852A985A3100EF5F45 /* DetailViewModel.swift */,
			);
			path = ViewModels;
			sourceTree = "<group>";
		};
		A9CE398F2A98B20700EF5F45 /* Settings */ = {
			isa = PBXGroup;
			children = (
				A9CE39912A98B22300EF5F45 /* ViewModels */,
				A9CE39902A98B21D00EF5F45 /* Views */,
			);
			path = Settings;
			sourceTree = "<group>";
		};
		A9CE39902A98B21D00EF5F45 /* Views */ = {
			isa = PBXGroup;
			children = (
				A9CE39922A98B23A00EF5F45 /* SettingViews.swift */,
			);
			path = Views;
			sourceTree = "<group>";
		};
		A9CE39912A98B22300EF5F45 /* ViewModels */ = {
			isa = PBXGroup;
			children = (
			);
			path = ViewModels;
			sourceTree = "<group>";
		};
/* End PBXGroup section */

/* Begin PBXNativeTarget section */
		A93CFA9D2A83905800A50028 /* SwiftUICrypto */ = {
			isa = PBXNativeTarget;
			buildConfigurationList = A93CFAC22A83905900A50028 /* Build configuration list for PBXNativeTarget "SwiftUICrypto" */;
			buildPhases = (
				A93CFA9A2A83905800A50028 /* Sources */,
				A93CFA9B2A83905800A50028 /* Frameworks */,
				A93CFA9C2A83905800A50028 /* Resources */,
			);
			buildRules = (
			);
			dependencies = (
			);
			name = SwiftUICrypto;
			productName = SwiftUICrypto;
			productReference = A93CFA9E2A83905800A50028 /* SwiftUICrypto.app */;
			productType = "com.apple.product-type.application";
		};
		A93CFAAD2A83905900A50028 /* SwiftUICryptoTests */ = {
			isa = PBXNativeTarget;
			buildConfigurationList = A93CFAC52A83905900A50028 /* Build configuration list for PBXNativeTarget "SwiftUICryptoTests" */;
			buildPhases = (
				A93CFAAA2A83905900A50028 /* Sources */,
				A93CFAAB2A83905900A50028 /* Frameworks */,
				A93CFAAC2A83905900A50028 /* Resources */,
			);
			buildRules = (
			);
			dependencies = (
				A93CFAB02A83905900A50028 /* PBXTargetDependency */,
			);
			name = SwiftUICryptoTests;
			productName = SwiftUICryptoTests;
			productReference = A93CFAAE2A83905900A50028 /* SwiftUICryptoTests.xctest */;
			productType = "com.apple.product-type.bundle.unit-test";
		};
		A93CFAB72A83905900A50028 /* SwiftUICryptoUITests */ = {
			isa = PBXNativeTarget;
			buildConfigurationList = A93CFAC82A83905900A50028 /* Build configuration list for PBXNativeTarget "SwiftUICryptoUITests" */;
			buildPhases = (
				A93CFAB42A83905900A50028 /* Sources */,
				A93CFAB52A83905900A50028 /* Frameworks */,
				A93CFAB62A83905900A50028 /* Resources */,
			);
			buildRules = (
			);
			dependencies = (
				A93CFABA2A83905900A50028 /* PBXTargetDependency */,
			);
			name = SwiftUICryptoUITests;
			productName = SwiftUICryptoUITests;
			productReference = A93CFAB82A83905900A50028 /* SwiftUICryptoUITests.xctest */;
			productType = "com.apple.product-type.bundle.ui-testing";
		};
/* End PBXNativeTarget section */

/* Begin PBXProject section */
		A93CFA962A83905800A50028 /* Project object */ = {
			isa = PBXProject;
			attributes = {
				BuildIndependentTargetsInParallel = 1;
				LastSwiftUpdateCheck = 1430;
				LastUpgradeCheck = 1430;
				TargetAttributes = {
					A93CFA9D2A83905800A50028 = {
						CreatedOnToolsVersion = 14.3.1;
					};
					A93CFAAD2A83905900A50028 = {
						CreatedOnToolsVersion = 14.3.1;
						TestTargetID = A93CFA9D2A83905800A50028;
					};
					A93CFAB72A83905900A50028 = {
						CreatedOnToolsVersion = 14.3.1;
						TestTargetID = A93CFA9D2A83905800A50028;
					};
				};
			};
			buildConfigurationList = A93CFA992A83905800A50028 /* Build configuration list for PBXProject "SwiftUICrypto" */;
			compatibilityVersion = "Xcode 14.0";
			developmentRegion = en;
			hasScannedForEncodings = 0;
			knownRegions = (
				en,
				Base,
			);
			mainGroup = A93CFA952A83905800A50028;
			productRefGroup = A93CFA9F2A83905800A50028 /* Products */;
			projectDirPath = "";
			projectRoot = "";
			targets = (
				A93CFA9D2A83905800A50028 /* SwiftUICrypto */,
				A93CFAAD2A83905900A50028 /* SwiftUICryptoTests */,
				A93CFAB72A83905900A50028 /* SwiftUICryptoUITests */,
			);
		};
/* End PBXProject section */

/* Begin PBXResourcesBuildPhase section */
		A93CFA9C2A83905800A50028 /* Resources */ = {
			isa = PBXResourcesBuildPhase;
			buildActionMask = 2147483647;
			files = (
				A93CFAA92A83905900A50028 /* Preview Assets.xcassets in Resources */,
				A93CFAA62A83905900A50028 /* Assets.xcassets in Resources */,
			);
			runOnlyForDeploymentPostprocessing = 0;
		};
		A93CFAAC2A83905900A50028 /* Resources */ = {
			isa = PBXResourcesBuildPhase;
			buildActionMask = 2147483647;
			files = (
			);
			runOnlyForDeploymentPostprocessing = 0;
		};
		A93CFAB62A83905900A50028 /* Resources */ = {
			isa = PBXResourcesBuildPhase;
			buildActionMask = 2147483647;
			files = (
			);
			runOnlyForDeploymentPostprocessing = 0;
		};
/* End PBXResourcesBuildPhase section */

/* Begin PBXSourcesBuildPhase section */
		A93CFA9A2A83905800A50028 /* Sources */ = {
			isa = PBXSourcesBuildPhase;
			buildActionMask = 2147483647;
			files = (
				A9CE39792A9741B100EF5F45 /* PortfolioContainer.xcdatamodeld in Sources */,
				A9CE39682A9606F400EF5F45 /* StatisticModel.swift in Sources */,
				A93CFAEA2A8F220B00A50028 /* CoinDataService.swift in Sources */,
				A9CE398A2A9898E300EF5F45 /* ChartView.swift in Sources */,
				A93CFAE32A8DFA9000A50028 /* CoinRowView.swift in Sources */,
				A9CE39742A9710B700EF5F45 /* XMarkButton.swift in Sources */,
				A93CFAE72A8F16E600A50028 /* HomeViewModel.swift in Sources */,
				A9CE398C2A989E2400EF5F45 /* Date.swift in Sources */,
				A93CFAA42A83905800A50028 /* ContentView.swift in Sources */,
				A93CFAF72A8F770200A50028 /* LocalFileManager.swift in Sources */,
				A9CE396E2A960FB500EF5F45 /* MarketDataModel.swift in Sources */,
				A93CFAD62A8399A400A50028 /* HomeView.swift in Sources */,
				A9CE396A2A9608EC00EF5F45 /* StatisticView.swift in Sources */,
				A93CFAF12A8F65F400A50028 /* CoinImageView.swift in Sources */,
				A93CFAA22A83905800A50028 /* SwiftUICryptoApp.swift in Sources */,
				A9CE39662A95F8F700EF5F45 /* UIApplication.swift in Sources */,
				A93CFADA2A839BC500A50028 /* CircleButtonView.swift in Sources */,
				A93CFACF2A8396EB00A50028 /* Color.swift in Sources */,
				A9CE39822A984E3600EF5F45 /* DetailView.swift in Sources */,
				A9CE397D2A975EDA00EF5F45 /* HapticManager.swift in Sources */,
				A9CE39642A95F4AB00EF5F45 /* SearchBarView.swift in Sources */,
				A9CE39932A98B23A00EF5F45 /* SettingViews.swift in Sources */,
				A93CFAED2A8F29DF00A50028 /* NetworkingManager.swift in Sources */,
				A9CE39762A9712D400EF5F45 /* CoinLogoView.swift in Sources */,
				A9CE396C2A960CEC00EF5F45 /* HomeStatsView.swift in Sources */,
				A9CE39702A9611CA00EF5F45 /* MarketDataService.swift in Sources */,
				A93CFAE12A8DF8E700A50028 /* PreviewProvider.swift in Sources */,
				A93CFAF52A8F6BA800A50028 /* CoinImageViewModel.swift in Sources */,
				A9CE398E2A98AC3D00EF5F45 /* String.swift in Sources */,
				A93CFADC2A8CDEFE00A50028 /* CircleButtonAnimationView.swift in Sources */,
				A9CE39722A970E4800EF5F45 /* PortfolioView.swift in Sources */,
				A93CFAE52A8E2DFB00A50028 /* Double.swift in Sources */,
				A93CFAF32A8F692100A50028 /* CoinImageService.swift in Sources */,
				A9CE39842A98540200EF5F45 /* CoinDetailModel.swift in Sources */,
				A93CFADF2A8DD1A400A50028 /* CoinModel.swift in Sources */,
				A9CE39882A985A5200EF5F45 /* CoinDetailDataService.swift in Sources */,
				A9CE39862A985A3100EF5F45 /* DetailViewModel.swift in Sources */,
				A9CE397B2A97426800EF5F45 /* PortfolioDataService.swift in Sources */,
			);
			runOnlyForDeploymentPostprocessing = 0;
		};
		A93CFAAA2A83905900A50028 /* Sources */ = {
			isa = PBXSourcesBuildPhase;
			buildActionMask = 2147483647;
			files = (
				A93CFAB32A83905900A50028 /* SwiftUICryptoTests.swift in Sources */,
			);
			runOnlyForDeploymentPostprocessing = 0;
		};
		A93CFAB42A83905900A50028 /* Sources */ = {
			isa = PBXSourcesBuildPhase;
			buildActionMask = 2147483647;
			files = (
				A93CFABD2A83905900A50028 /* SwiftUICryptoUITests.swift in Sources */,
				A93CFABF2A83905900A50028 /* SwiftUICryptoUITestsLaunchTests.swift in Sources */,
			);
			runOnlyForDeploymentPostprocessing = 0;
		};
/* End PBXSourcesBuildPhase section */

/* Begin PBXTargetDependency section */
		A93CFAB02A83905900A50028 /* PBXTargetDependency */ = {
			isa = PBXTargetDependency;
			target = A93CFA9D2A83905800A50028 /* SwiftUICrypto */;
			targetProxy = A93CFAAF2A83905900A50028 /* PBXContainerItemProxy */;
		};
		A93CFABA2A83905900A50028 /* PBXTargetDependency */ = {
			isa = PBXTargetDependency;
			target = A93CFA9D2A83905800A50028 /* SwiftUICrypto */;
			targetProxy = A93CFAB92A83905900A50028 /* PBXContainerItemProxy */;
		};
/* End PBXTargetDependency section */

/* Begin XCBuildConfiguration section */
		A93CFAC02A83905900A50028 /* Debug */ = {
			isa = XCBuildConfiguration;
			buildSettings = {
				ALWAYS_SEARCH_USER_PATHS = NO;
				CLANG_ANALYZER_NONNULL = YES;
				CLANG_ANALYZER_NUMBER_OBJECT_CONVERSION = YES_AGGRESSIVE;
				CLANG_CXX_LANGUAGE_STANDARD = "gnu++20";
				CLANG_ENABLE_MODULES = YES;
				CLANG_ENABLE_OBJC_ARC = YES;
				CLANG_ENABLE_OBJC_WEAK = YES;
				CLANG_WARN_BLOCK_CAPTURE_AUTORELEASING = YES;
				CLANG_WARN_BOOL_CONVERSION = YES;
				CLANG_WARN_COMMA = YES;
				CLANG_WARN_CONSTANT_CONVERSION = YES;
				CLANG_WARN_DEPRECATED_OBJC_IMPLEMENTATIONS = YES;
				CLANG_WARN_DIRECT_OBJC_ISA_USAGE = YES_ERROR;
				CLANG_WARN_DOCUMENTATION_COMMENTS = YES;
				CLANG_WARN_EMPTY_BODY = YES;
				CLANG_WARN_ENUM_CONVERSION = YES;
				CLANG_WARN_INFINITE_RECURSION = YES;
				CLANG_WARN_INT_CONVERSION = YES;
				CLANG_WARN_NON_LITERAL_NULL_CONVERSION = YES;
				CLANG_WARN_OBJC_IMPLICIT_RETAIN_SELF = YES;
				CLANG_WARN_OBJC_LITERAL_CONVERSION = YES;
				CLANG_WARN_OBJC_ROOT_CLASS = YES_ERROR;
				CLANG_WARN_QUOTED_INCLUDE_IN_FRAMEWORK_HEADER = YES;
				CLANG_WARN_RANGE_LOOP_ANALYSIS = YES;
				CLANG_WARN_STRICT_PROTOTYPES = YES;
				CLANG_WARN_SUSPICIOUS_MOVE = YES;
				CLANG_WARN_UNGUARDED_AVAILABILITY = YES_AGGRESSIVE;
				CLANG_WARN_UNREACHABLE_CODE = YES;
				CLANG_WARN__DUPLICATE_METHOD_MATCH = YES;
				COPY_PHASE_STRIP = NO;
				DEBUG_INFORMATION_FORMAT = dwarf;
				ENABLE_STRICT_OBJC_MSGSEND = YES;
				ENABLE_TESTABILITY = YES;
				GCC_C_LANGUAGE_STANDARD = gnu11;
				GCC_DYNAMIC_NO_PIC = NO;
				GCC_NO_COMMON_BLOCKS = YES;
				GCC_OPTIMIZATION_LEVEL = 0;
				GCC_PREPROCESSOR_DEFINITIONS = (
					"DEBUG=1",
					"$(inherited)",
				);
				GCC_WARN_64_TO_32_BIT_CONVERSION = YES;
				GCC_WARN_ABOUT_RETURN_TYPE = YES_ERROR;
				GCC_WARN_UNDECLARED_SELECTOR = YES;
				GCC_WARN_UNINITIALIZED_AUTOS = YES_AGGRESSIVE;
				GCC_WARN_UNUSED_FUNCTION = YES;
				GCC_WARN_UNUSED_VARIABLE = YES;
				IPHONEOS_DEPLOYMENT_TARGET = 16.4;
				MTL_ENABLE_DEBUG_INFO = INCLUDE_SOURCE;
				MTL_FAST_MATH = YES;
				ONLY_ACTIVE_ARCH = YES;
				SDKROOT = iphoneos;
				SWIFT_ACTIVE_COMPILATION_CONDITIONS = DEBUG;
				SWIFT_OPTIMIZATION_LEVEL = "-Onone";
			};
			name = Debug;
		};
		A93CFAC12A83905900A50028 /* Release */ = {
			isa = XCBuildConfiguration;
			buildSettings = {
				ALWAYS_SEARCH_USER_PATHS = NO;
				CLANG_ANALYZER_NONNULL = YES;
				CLANG_ANALYZER_NUMBER_OBJECT_CONVERSION = YES_AGGRESSIVE;
				CLANG_CXX_LANGUAGE_STANDARD = "gnu++20";
				CLANG_ENABLE_MODULES = YES;
				CLANG_ENABLE_OBJC_ARC = YES;
				CLANG_ENABLE_OBJC_WEAK = YES;
				CLANG_WARN_BLOCK_CAPTURE_AUTORELEASING = YES;
				CLANG_WARN_BOOL_CONVERSION = YES;
				CLANG_WARN_COMMA = YES;
				CLANG_WARN_CONSTANT_CONVERSION = YES;
				CLANG_WARN_DEPRECATED_OBJC_IMPLEMENTATIONS = YES;
				CLANG_WARN_DIRECT_OBJC_ISA_USAGE = YES_ERROR;
				CLANG_WARN_DOCUMENTATION_COMMENTS = YES;
				CLANG_WARN_EMPTY_BODY = YES;
				CLANG_WARN_ENUM_CONVERSION = YES;
				CLANG_WARN_INFINITE_RECURSION = YES;
				CLANG_WARN_INT_CONVERSION = YES;
				CLANG_WARN_NON_LITERAL_NULL_CONVERSION = YES;
				CLANG_WARN_OBJC_IMPLICIT_RETAIN_SELF = YES;
				CLANG_WARN_OBJC_LITERAL_CONVERSION = YES;
				CLANG_WARN_OBJC_ROOT_CLASS = YES_ERROR;
				CLANG_WARN_QUOTED_INCLUDE_IN_FRAMEWORK_HEADER = YES;
				CLANG_WARN_RANGE_LOOP_ANALYSIS = YES;
				CLANG_WARN_STRICT_PROTOTYPES = YES;
				CLANG_WARN_SUSPICIOUS_MOVE = YES;
				CLANG_WARN_UNGUARDED_AVAILABILITY = YES_AGGRESSIVE;
				CLANG_WARN_UNREACHABLE_CODE = YES;
				CLANG_WARN__DUPLICATE_METHOD_MATCH = YES;
				COPY_PHASE_STRIP = NO;
				DEBUG_INFORMATION_FORMAT = "dwarf-with-dsym";
				ENABLE_NS_ASSERTIONS = NO;
				ENABLE_STRICT_OBJC_MSGSEND = YES;
				GCC_C_LANGUAGE_STANDARD = gnu11;
				GCC_NO_COMMON_BLOCKS = YES;
				GCC_WARN_64_TO_32_BIT_CONVERSION = YES;
				GCC_WARN_ABOUT_RETURN_TYPE = YES_ERROR;
				GCC_WARN_UNDECLARED_SELECTOR = YES;
				GCC_WARN_UNINITIALIZED_AUTOS = YES_AGGRESSIVE;
				GCC_WARN_UNUSED_FUNCTION = YES;
				GCC_WARN_UNUSED_VARIABLE = YES;
				IPHONEOS_DEPLOYMENT_TARGET = 16.4;
				MTL_ENABLE_DEBUG_INFO = NO;
				MTL_FAST_MATH = YES;
				SDKROOT = iphoneos;
				SWIFT_COMPILATION_MODE = wholemodule;
				SWIFT_OPTIMIZATION_LEVEL = "-O";
				VALIDATE_PRODUCT = YES;
			};
			name = Release;
		};
		A93CFAC32A83905900A50028 /* Debug */ = {
			isa = XCBuildConfiguration;
			buildSettings = {
				ASSETCATALOG_COMPILER_APPICON_NAME = AppIcon;
				ASSETCATALOG_COMPILER_GLOBAL_ACCENT_COLOR_NAME = AccentColor;
				CODE_SIGN_STYLE = Automatic;
				CURRENT_PROJECT_VERSION = 1;
				DEVELOPMENT_ASSET_PATHS = "\"SwiftUICrypto/Preview Content\"";
				ENABLE_PREVIEWS = YES;
				GENERATE_INFOPLIST_FILE = YES;
				INFOPLIST_KEY_CFBundleDisplayName = "Crypto Tracking";
				INFOPLIST_KEY_UIApplicationSceneManifest_Generation = YES;
				INFOPLIST_KEY_UIApplicationSupportsIndirectInputEvents = YES;
				INFOPLIST_KEY_UILaunchScreen_Generation = YES;
				INFOPLIST_KEY_UISupportedInterfaceOrientations = UIInterfaceOrientationPortrait;
				LD_RUNPATH_SEARCH_PATHS = (
					"$(inherited)",
					"@executable_path/Frameworks",
				);
				MARKETING_VERSION = 1.0;
				PRODUCT_BUNDLE_IDENTIFIER = klabs.SwiftUICrypto;
				PRODUCT_NAME = "$(TARGET_NAME)";
				SWIFT_EMIT_LOC_STRINGS = YES;
				SWIFT_VERSION = 5.0;
				TARGETED_DEVICE_FAMILY = "1,2";
			};
			name = Debug;
		};
		A93CFAC42A83905900A50028 /* Release */ = {
			isa = XCBuildConfiguration;
			buildSettings = {
				ASSETCATALOG_COMPILER_APPICON_NAME = AppIcon;
				ASSETCATALOG_COMPILER_GLOBAL_ACCENT_COLOR_NAME = AccentColor;
				CODE_SIGN_STYLE = Automatic;
				CURRENT_PROJECT_VERSION = 1;
				DEVELOPMENT_ASSET_PATHS = "\"SwiftUICrypto/Preview Content\"";
				ENABLE_PREVIEWS = YES;
				GENERATE_INFOPLIST_FILE = YES;
				INFOPLIST_KEY_CFBundleDisplayName = "Crypto Tracking";
				INFOPLIST_KEY_UIApplicationSceneManifest_Generation = YES;
				INFOPLIST_KEY_UIApplicationSupportsIndirectInputEvents = YES;
				INFOPLIST_KEY_UILaunchScreen_Generation = YES;
				INFOPLIST_KEY_UISupportedInterfaceOrientations = UIInterfaceOrientationPortrait;
				LD_RUNPATH_SEARCH_PATHS = (
					"$(inherited)",
					"@executable_path/Frameworks",
				);
				MARKETING_VERSION = 1.0;
				PRODUCT_BUNDLE_IDENTIFIER = klabs.SwiftUICrypto;
				PRODUCT_NAME = "$(TARGET_NAME)";
				SWIFT_EMIT_LOC_STRINGS = YES;
				SWIFT_VERSION = 5.0;
				TARGETED_DEVICE_FAMILY = "1,2";
			};
			name = Release;
		};
		A93CFAC62A83905900A50028 /* Debug */ = {
			isa = XCBuildConfiguration;
			buildSettings = {
				ALWAYS_EMBED_SWIFT_STANDARD_LIBRARIES = YES;
				BUNDLE_LOADER = "$(TEST_HOST)";
				CODE_SIGN_STYLE = Automatic;
				CURRENT_PROJECT_VERSION = 1;
				GENERATE_INFOPLIST_FILE = YES;
				IPHONEOS_DEPLOYMENT_TARGET = 16.4;
				MARKETING_VERSION = 1.0;
				PRODUCT_BUNDLE_IDENTIFIER = klabs.SwiftUICryptoTests;
				PRODUCT_NAME = "$(TARGET_NAME)";
				SWIFT_EMIT_LOC_STRINGS = NO;
				SWIFT_VERSION = 5.0;
				TARGETED_DEVICE_FAMILY = "1,2";
				TEST_HOST = "$(BUILT_PRODUCTS_DIR)/SwiftUICrypto.app/$(BUNDLE_EXECUTABLE_FOLDER_PATH)/SwiftUICrypto";
			};
			name = Debug;
		};
		A93CFAC72A83905900A50028 /* Release */ = {
			isa = XCBuildConfiguration;
			buildSettings = {
				ALWAYS_EMBED_SWIFT_STANDARD_LIBRARIES = YES;
				BUNDLE_LOADER = "$(TEST_HOST)";
				CODE_SIGN_STYLE = Automatic;
				CURRENT_PROJECT_VERSION = 1;
				GENERATE_INFOPLIST_FILE = YES;
				IPHONEOS_DEPLOYMENT_TARGET = 16.4;
				MARKETING_VERSION = 1.0;
				PRODUCT_BUNDLE_IDENTIFIER = klabs.SwiftUICryptoTests;
				PRODUCT_NAME = "$(TARGET_NAME)";
				SWIFT_EMIT_LOC_STRINGS = NO;
				SWIFT_VERSION = 5.0;
				TARGETED_DEVICE_FAMILY = "1,2";
				TEST_HOST = "$(BUILT_PRODUCTS_DIR)/SwiftUICrypto.app/$(BUNDLE_EXECUTABLE_FOLDER_PATH)/SwiftUICrypto";
			};
			name = Release;
		};
		A93CFAC92A83905900A50028 /* Debug */ = {
			isa = XCBuildConfiguration;
			buildSettings = {
				ALWAYS_EMBED_SWIFT_STANDARD_LIBRARIES = YES;
				CODE_SIGN_STYLE = Automatic;
				CURRENT_PROJECT_VERSION = 1;
				GENERATE_INFOPLIST_FILE = YES;
				MARKETING_VERSION = 1.0;
				PRODUCT_BUNDLE_IDENTIFIER = klabs.SwiftUICryptoUITests;
				PRODUCT_NAME = "$(TARGET_NAME)";
				SWIFT_EMIT_LOC_STRINGS = NO;
				SWIFT_VERSION = 5.0;
				TARGETED_DEVICE_FAMILY = "1,2";
				TEST_TARGET_NAME = SwiftUICrypto;
			};
			name = Debug;
		};
		A93CFACA2A83905900A50028 /* Release */ = {
			isa = XCBuildConfiguration;
			buildSettings = {
				ALWAYS_EMBED_SWIFT_STANDARD_LIBRARIES = YES;
				CODE_SIGN_STYLE = Automatic;
				CURRENT_PROJECT_VERSION = 1;
				GENERATE_INFOPLIST_FILE = YES;
				MARKETING_VERSION = 1.0;
				PRODUCT_BUNDLE_IDENTIFIER = klabs.SwiftUICryptoUITests;
				PRODUCT_NAME = "$(TARGET_NAME)";
				SWIFT_EMIT_LOC_STRINGS = NO;
				SWIFT_VERSION = 5.0;
				TARGETED_DEVICE_FAMILY = "1,2";
				TEST_TARGET_NAME = SwiftUICrypto;
			};
			name = Release;
		};
/* End XCBuildConfiguration section */

/* Begin XCConfigurationList section */
		A93CFA992A83905800A50028 /* Build configuration list for PBXProject "SwiftUICrypto" */ = {
			isa = XCConfigurationList;
			buildConfigurations = (
				A93CFAC02A83905900A50028 /* Debug */,
				A93CFAC12A83905900A50028 /* Release */,
			);
			defaultConfigurationIsVisible = 0;
			defaultConfigurationName = Release;
		};
		A93CFAC22A83905900A50028 /* Build configuration list for PBXNativeTarget "SwiftUICrypto" */ = {
			isa = XCConfigurationList;
			buildConfigurations = (
				A93CFAC32A83905900A50028 /* Debug */,
				A93CFAC42A83905900A50028 /* Release */,
			);
			defaultConfigurationIsVisible = 0;
			defaultConfigurationName = Release;
		};
		A93CFAC52A83905900A50028 /* Build configuration list for PBXNativeTarget "SwiftUICryptoTests" */ = {
			isa = XCConfigurationList;
			buildConfigurations = (
				A93CFAC62A83905900A50028 /* Debug */,
				A93CFAC72A83905900A50028 /* Release */,
			);
			defaultConfigurationIsVisible = 0;
			defaultConfigurationName = Release;
		};
		A93CFAC82A83905900A50028 /* Build configuration list for PBXNativeTarget "SwiftUICryptoUITests" */ = {
			isa = XCConfigurationList;
			buildConfigurations = (
				A93CFAC92A83905900A50028 /* Debug */,
				A93CFACA2A83905900A50028 /* Release */,
			);
			defaultConfigurationIsVisible = 0;
			defaultConfigurationName = Release;
		};
/* End XCConfigurationList section */

/* Begin XCVersionGroup section */
		A9CE39772A9741B100EF5F45 /* PortfolioContainer.xcdatamodeld */ = {
			isa = XCVersionGroup;
			children = (
				A9CE39782A9741B100EF5F45 /* PortfolioContainer.xcdatamodel */,
			);
			currentVersion = A9CE39782A9741B100EF5F45 /* PortfolioContainer.xcdatamodel */;
			path = PortfolioContainer.xcdatamodeld;
			sourceTree = "<group>";
			versionGroupType = wrapper.xcdatamodel;
		};
/* End XCVersionGroup section */
	};
	rootObject = A93CFA962A83905800A50028 /* Project object */;
}
